
Microsoft Visual Studio Solution File, Format Version 12.00
# Visual Studio Version 17
VisualStudioVersion = 17.13.35931.197 d17.13
MinimumVisualStudioVersion = 10.0.40219.1
Project("{FAE04EC0-301F-11D3-BF4B-00C04F79EFBC}") = "AboutLibrary", "AboutLibrary\AboutLibrary.csproj", "{FFBE8EC1-DC0A-4D1F-B95A-40B383C7BD06}"
EndProject
Global
	GlobalSection(SolutionConfigurationPlatforms) = preSolution
		Debug|Any CPU = Debug|Any CPU
		Release|Any CPU = Release|Any CPU
	EndGlobalSection
	GlobalSection(ProjectConfigurationPlatforms) = postSolution
		{FFBE8EC1-DC0A-4D1F-B95A-40B383C7BD06}.Debug|Any CPU.ActiveCfg = Debug|Any CPU
		{FFBE8EC1-DC0A-4D1F-B95A-40B383C7BD06}.Debug|Any CPU.Build.0 = Debug|Any CPU
		{FFBE8EC1-DC0A-4D1F-B95A-40B383C7BD06}.Release|Any CPU.ActiveCfg = Release|Any CPU
		{FFBE8EC1-DC0A-4D1F-B95A-40B383C7BD06}.Release|Any CPU.Build.0 = Release|Any CPU
	EndGlobalSection
	GlobalSection(SolutionProperties) = preSolution
		HideSolutionNode = FALSE
	EndGlobalSection
	GlobalSection(ExtensibilityGlobals) = postSolution
		SolutionGuid = {741EA519-B2BE-4B6F-8221-1C1A1A7A8047}
	EndGlobalSection
EndGlobal
